
Microsoft Visual Studio Solution File, Format Version 12.00
# Visual Studio Version 17
VisualStudioVersion = 17.5.002.0
MinimumVisualStudioVersion = 10.0.40219.1
Project("{9A19103F-16F7-4668-BE54-9A1E7A4F7556}") = "expense-tracker", "expense-tracker.csproj", "{05F89F28-2376-4DA0-9D2D-C01D0F7A87E4}"
EndProject
Global
	GlobalSection(SolutionConfigurationPlatforms) = preSolution
		Debug|Any CPU = Debug|Any CPU
		Release|Any CPU = Release|Any CPU
	EndGlobalSection
	GlobalSection(ProjectConfigurationPlatforms) = postSolution
		{05F89F28-2376-4DA0-9D2D-C01D0F7A87E4}.Debug|Any CPU.ActiveCfg = Debug|Any CPU
		{05F89F28-2376-4DA0-9D2D-C01D0F7A87E4}.Debug|Any CPU.Build.0 = Debug|Any CPU
		{05F89F28-2376-4DA0-9D2D-C01D0F7A87E4}.Release|Any CPU.ActiveCfg = Release|Any CPU
		{05F89F28-2376-4DA0-9D2D-C01D0F7A87E4}.Release|Any CPU.Build.0 = Release|Any CPU
	EndGlobalSection
	GlobalSection(SolutionProperties) = preSolution
		HideSolutionNode = FALSE
	EndGlobalSection
	GlobalSection(ExtensibilityGlobals) = postSolution
		SolutionGuid = {059335BC-A2B3-4467-AEBA-E2DD7388A733}
	EndGlobalSection
EndGlobal
